
Microsoft Visual Studio Solution File, Format Version 12.00
# Visual Studio Version 16
VisualStudioVersion = 16.0.30804.86
MinimumVisualStudioVersion = 10.0.40219.1
Project("{FAE04EC0-301F-11D3-BF4B-00C04F79EFBC}") = "MVCKutuphane", "MVCKutuphane\MVCKutuphane.csproj", "{2B912E7B-1224-42CA-980D-9E352B1A7655}"
EndProject
Global
	GlobalSection(SolutionConfigurationPlatforms) = preSolution
		Debug|Any CPU = Debug|Any CPU
		Release|Any CPU = Release|Any CPU
	EndGlobalSection
	GlobalSection(ProjectConfigurationPlatforms) = postSolution
		{2B912E7B-1224-42CA-980D-9E352B1A7655}.Debug|Any CPU.ActiveCfg = Debug|Any CPU
		{2B912E7B-1224-42CA-980D-9E352B1A7655}.Debug|Any CPU.Build.0 = Debug|Any CPU
		{2B912E7B-1224-42CA-980D-9E352B1A7655}.Release|Any CPU.ActiveCfg = Release|Any CPU
		{2B912E7B-1224-42CA-980D-9E352B1A7655}.Release|Any CPU.Build.0 = Release|Any CPU
	EndGlobalSection
	GlobalSection(SolutionProperties) = preSolution
		HideSolutionNode = FALSE
	EndGlobalSection
	GlobalSection(ExtensibilityGlobals) = postSolution
		SolutionGuid = {11CD4224-3193-48FD-8301-26F8F5AC554A}
	EndGlobalSection
EndGlobal
